# This file is automatically @generated by Cargo.
# It is not intended for manual editing.
version = 4

[[package]]
name = "atldp-app"
version = "0.0.0"
dependencies = [
 "atldp-core",
 "atldp-geo",
 "atldp-model",
 "atldp-render",
]

[[package]]
name = "atldp-cli"
version = "0.0.0"
dependencies = [
 "atldp-core",
]

[[package]]
name = "atldp-core"
version = "0.0.0"

[[package]]
name = "atldp-geo"
version = "0.0.0"
dependencies = [
 "atldp-core",
]

[[package]]
name = "atldp-model"
version = "0.0.0"
dependencies = [
 "atldp-core",
]

[[package]]
name = "atldp-render"
version = "0.0.0"
dependencies = [
 "atldp-core",
]
